// !$*UTF8*$!
{
	archiveVersion = 1;
	classes = {
	};
	objectVersion = 46;
	objects = {

/* Begin PBXBuildFile section */
		6B0198F71F168BB000894604 /* pokemon.csv in Resources */ = {isa = PBXBuildFile; fileRef = 6B0198F61F168BB000894604 /* pokemon.csv */; };
		6B0198FA1F168D1F00894604 /* Pokemon.swift in Sources */ = {isa = PBXBuildFile; fileRef = 6B0198F91F168D1F00894604 /* Pokemon.swift */; };
		6B0198FD1F16A5FC00894604 /* PokeCell.swift in Sources */ = {isa = PBXBuildFile; fileRef = 6B0198FC1F16A5FC00894604 /* PokeCell.swift */; };
		6B0198FF1F17E06800894604 /* csv.swift in Sources */ = {isa = PBXBuildFile; fileRef = 6B0198FE1F17E06800894604 /* csv.swift */; };
		6B0199011F18062B00894604 /* pokemon.ttf in Resources */ = {isa = PBXBuildFile; fileRef = 6B0199001F18062B00894604 /* pokemon.ttf */; };
		6B0199061F180A0300894604 /* music.png in Resources */ = {isa = PBXBuildFile; fileRef = 6B0199051F180A0300894604 /* music.png */; };
		6B0199081F180A1500894604 /* music.mp3 in Resources */ = {isa = PBXBuildFile; fileRef = 6B0199071F180A1500894604 /* music.mp3 */; };
		6B1267AD1F16825400D5D67D /* AppDelegate.swift in Sources */ = {isa = PBXBuildFile; fileRef = 6B1267AC1F16825400D5D67D /* AppDelegate.swift */; };
		6B1267AF1F16825400D5D67D /* ViewController.swift in Sources */ = {isa = PBXBuildFile; fileRef = 6B1267AE1F16825400D5D67D /* ViewController.swift */; };
		6B1267B21F16825400D5D67D /* Main.storyboard in Resources */ = {isa = PBXBuildFile; fileRef = 6B1267B01F16825400D5D67D /* Main.storyboard */; };
		6B1267B41F16825400D5D67D /* Assets.xcassets in Resources */ = {isa = PBXBuildFile; fileRef = 6B1267B31F16825400D5D67D /* Assets.xcassets */; };
		6B1267B71F16825400D5D67D /* LaunchScreen.storyboard in Resources */ = {isa = PBXBuildFile; fileRef = 6B1267B51F16825400D5D67D /* LaunchScreen.storyboard */; };
		6B1267C21F16825400D5D67D /* pokedexTests.swift in Sources */ = {isa = PBXBuildFile; fileRef = 6B1267C11F16825400D5D67D /* pokedexTests.swift */; };
		6B1267CD1F16825400D5D67D /* pokedexUITests.swift in Sources */ = {isa = PBXBuildFile; fileRef = 6B1267CC1F16825400D5D67D /* pokedexUITests.swift */; };
/* End PBXBuildFile section */

/* Begin PBXContainerItemProxy section */
		6B1267BE1F16825400D5D67D /* PBXContainerItemProxy */ = {
			isa = PBXContainerItemProxy;
			containerPortal = 6B1267A11F16825400D5D67D /* Project object */;
			proxyType = 1;
			remoteGlobalIDString = 6B1267A81F16825400D5D67D;
			remoteInfo = pokedex;
		};
		6B1267C91F16825400D5D67D /* PBXContainerItemProxy */ = {
			isa = PBXContainerItemProxy;
			containerPortal = 6B1267A11F16825400D5D67D /* Project object */;
			proxyType = 1;
			remoteGlobalIDString = 6B1267A81F16825400D5D67D;
			remoteInfo = pokedex;
		};
/* End PBXContainerItemProxy section */

/* Begin PBXFileReference section */
		6B0198F61F168BB000894604 /* pokemon.csv */ = {isa = PBXFileReference; fileEncoding = 4; lastKnownFileType = text; path = pokemon.csv; sourceTree = "<group>"; };
		6B0198F91F168D1F00894604 /* Pokemon.swift */ = {isa = PBXFileReference; fileEncoding = 4; lastKnownFileType = sourcecode.swift; name = Pokemon.swift; path = ../Pokemon.swift; sourceTree = "<group>"; };
		6B0198FC1F16A5FC00894604 /* PokeCell.swift */ = {isa = PBXFileReference; fileEncoding = 4; lastKnownFileType = sourcecode.swift; path = PokeCell.swift; sourceTree = "<group>"; };
		6B0198FE1F17E06800894604 /* csv.swift */ = {isa = PBXFileReference; fileEncoding = 4; lastKnownFileType = sourcecode.swift; path = csv.swift; sourceTree = "<group>"; };
		6B0199001F18062B00894604 /* pokemon.ttf */ = {isa = PBXFileReference; lastKnownFileType = file; path = pokemon.ttf; sourceTree = "<group>"; };
		6B0199051F180A0300894604 /* music.png */ = {isa = PBXFileReference; lastKnownFileType = image.png; path = music.png; sourceTree = "<group>"; };
		6B0199071F180A1500894604 /* music.mp3 */ = {isa = PBXFileReference; lastKnownFileType = audio.mp3; path = music.mp3; sourceTree = "<group>"; };
		6B1267A91F16825400D5D67D /* pokedex.app */ = {isa = PBXFileReference; explicitFileType = wrapper.application; includeInIndex = 0; path = pokedex.app; sourceTree = BUILT_PRODUCTS_DIR; };
		6B1267AC1F16825400D5D67D /* AppDelegate.swift */ = {isa = PBXFileReference; lastKnownFileType = sourcecode.swift; path = AppDelegate.swift; sourceTree = "<group>"; };
		6B1267AE1F16825400D5D67D /* ViewController.swift */ = {isa = PBXFileReference; lastKnownFileType = sourcecode.swift; path = ViewController.swift; sourceTree = "<group>"; };
		6B1267B11F16825400D5D67D /* Base */ = {isa = PBXFileReference; lastKnownFileType = file.storyboard; name = Base; path = Base.lproj/Main.storyboard; sourceTree = "<group>"; };
		6B1267B31F16825400D5D67D /* Assets.xcassets */ = {isa = PBXFileReference; lastKnownFileType = folder.assetcatalog; path = Assets.xcassets; sourceTree = "<group>"; };
		6B1267B61F16825400D5D67D /* Base */ = {isa = PBXFileReference; lastKnownFileType = file.storyboard; name = Base; path = Base.lproj/LaunchScreen.storyboard; sourceTree = "<group>"; };
		6B1267B81F16825400D5D67D /* Info.plist */ = {isa = PBXFileReference; lastKnownFileType = text.plist.xml; path = Info.plist; sourceTree = "<group>"; };
		6B1267BD1F16825400D5D67D /* pokedexTests.xctest */ = {isa = PBXFileReference; explicitFileType = wrapper.cfbundle; includeInIndex = 0; path = pokedexTests.xctest; sourceTree = BUILT_PRODUCTS_DIR; };
		6B1267C11F16825400D5D67D /* pokedexTests.swift */ = {isa = PBXFileReference; lastKnownFileType = sourcecode.swift; path = pokedexTests.swift; sourceTree = "<group>"; };
		6B1267C31F16825400D5D67D /* Info.plist */ = {isa = PBXFileReference; lastKnownFileType = text.plist.xml; path = Info.plist; sourceTree = "<group>"; };
		6B1267C81F16825400D5D67D /* pokedexUITests.xctest */ = {isa = PBXFileReference; explicitFileType = wrapper.cfbundle; includeInIndex = 0; path = pokedexUITests.xctest; sourceTree = BUILT_PRODUCTS_DIR; };
		6B1267CC1F16825400D5D67D /* pokedexUITests.swift */ = {isa = PBXFileReference; lastKnownFileType = sourcecode.swift; path = pokedexUITests.swift; sourceTree = "<group>"; };
		6B1267CE1F16825400D5D67D /* Info.plist */ = {isa = PBXFileReference; lastKnownFileType = text.plist.xml; path = Info.plist; sourceTree = "<group>"; };
/* End PBXFileReference section */

/* Begin PBXFrameworksBuildPhase section */
		6B1267A61F16825400D5D67D /* Frameworks */ = {
			isa = PBXFrameworksBuildPhase;
			buildActionMask = 2147483647;
			files = (
			);
			runOnlyForDeploymentPostprocessing = 0;
		};
		6B1267BA1F16825400D5D67D /* Frameworks */ = {
			isa = PBXFrameworksBuildPhase;
			buildActionMask = 2147483647;
			files = (
			);
			runOnlyForDeploymentPostprocessing = 0;
		};
		6B1267C51F16825400D5D67D /* Frameworks */ = {
			isa = PBXFrameworksBuildPhase;
			buildActionMask = 2147483647;
			files = (
			);
			runOnlyForDeploymentPostprocessing = 0;
		};
/* End PBXFrameworksBuildPhase section */

/* Begin PBXGroup section */
		6B0198F81F168D0E00894604 /* Model */ = {
			isa = PBXGroup;
			children = (
				6B0198F91F168D1F00894604 /* Pokemon.swift */,
			);
			name = Model;
			sourceTree = "<group>";
		};
		6B0198FB1F16A5D600894604 /* View */ = {
			isa = PBXGroup;
			children = (
				6B0198FC1F16A5FC00894604 /* PokeCell.swift */,
			);
			name = View;
			sourceTree = "<group>";
		};
		6B0199021F1806B500894604 /* Controller */ = {
			isa = PBXGroup;
			children = (
				6B1267AE1F16825400D5D67D /* ViewController.swift */,
			);
			name = Controller;
			sourceTree = "<group>";
		};
		6B0199031F1806C000894604 /* Resources */ = {
			isa = PBXGroup;
			children = (
				6B0199071F180A1500894604 /* music.mp3 */,
				6B0199051F180A0300894604 /* music.png */,
				6B0199001F18062B00894604 /* pokemon.ttf */,
				6B0198F61F168BB000894604 /* pokemon.csv */,
			);
			name = Resources;
			sourceTree = "<group>";
		};
		6B0199041F1806EE00894604 /* Util */ = {
			isa = PBXGroup;
			children = (
				6B0198FE1F17E06800894604 /* csv.swift */,
			);
			name = Util;
			sourceTree = "<group>";
		};
		6B1267A01F16825400D5D67D = {
			isa = PBXGroup;
			children = (
				6B1267AB1F16825400D5D67D /* pokedex */,
				6B1267C01F16825400D5D67D /* pokedexTests */,
				6B1267CB1F16825400D5D67D /* pokedexUITests */,
				6B1267AA1F16825400D5D67D /* Products */,
			);
			sourceTree = "<group>";
		};
		6B1267AA1F16825400D5D67D /* Products */ = {
			isa = PBXGroup;
			children = (
				6B1267A91F16825400D5D67D /* pokedex.app */,
				6B1267BD1F16825400D5D67D /* pokedexTests.xctest */,
				6B1267C81F16825400D5D67D /* pokedexUITests.xctest */,
			);
			name = Products;
			sourceTree = "<group>";
		};
		6B1267AB1F16825400D5D67D /* pokedex */ = {
			isa = PBXGroup;
			children = (
				6B0198F81F168D0E00894604 /* Model */,
				6B0198FB1F16A5D600894604 /* View */,
				6B0199021F1806B500894604 /* Controller */,
				6B0199031F1806C000894604 /* Resources */,
				6B0199041F1806EE00894604 /* Util */,
				6B1267B31F16825400D5D67D /* Assets.xcassets */,
				6B1267AC1F16825400D5D67D /* AppDelegate.swift */,
				6B1267B01F16825400D5D67D /* Main.storyboard */,
				6B1267B51F16825400D5D67D /* LaunchScreen.storyboard */,
				6B1267B81F16825400D5D67D /* Info.plist */,
			);
			path = pokedex;
			sourceTree = "<group>";
		};
		6B1267C01F16825400D5D67D /* pokedexTests */ = {
			isa = PBXGroup;
			children = (
				6B1267C11F16825400D5D67D /* pokedexTests.swift */,
				6B1267C31F16825400D5D67D /* Info.plist */,
			);
			path = pokedexTests;
			sourceTree = "<group>";
		};
		6B1267CB1F16825400D5D67D /* pokedexUITests */ = {
			isa = PBXGroup;
			children = (
				6B1267CC1F16825400D5D67D /* pokedexUITests.swift */,
				6B1267CE1F16825400D5D67D /* Info.plist */,
			);
			path = pokedexUITests;
			sourceTree = "<group>";
		};
/* End PBXGroup section */

/* Begin PBXNativeTarget section */
		6B1267A81F16825400D5D67D /* pokedex */ = {
			isa = PBXNativeTarget;
			buildConfigurationList = 6B1267D11F16825400D5D67D /* Build configuration list for PBXNativeTarget "pokedex" */;
			buildPhases = (
				6B1267A51F16825400D5D67D /* Sources */,
				6B1267A61F16825400D5D67D /* Frameworks */,
				6B1267A71F16825400D5D67D /* Resources */,
			);
			buildRules = (
			);
			dependencies = (
			);
			name = pokedex;
			productName = pokedex;
			productReference = 6B1267A91F16825400D5D67D /* pokedex.app */;
			productType = "com.apple.product-type.application";
		};
		6B1267BC1F16825400D5D67D /* pokedexTests */ = {
			isa = PBXNativeTarget;
			buildConfigurationList = 6B1267D41F16825400D5D67D /* Build configuration list for PBXNativeTarget "pokedexTests" */;
			buildPhases = (
				6B1267B91F16825400D5D67D /* Sources */,
				6B1267BA1F16825400D5D67D /* Frameworks */,
				6B1267BB1F16825400D5D67D /* Resources */,
			);
			buildRules = (
			);
			dependencies = (
				6B1267BF1F16825400D5D67D /* PBXTargetDependency */,
			);
			name = pokedexTests;
			productName = pokedexTests;
			productReference = 6B1267BD1F16825400D5D67D /* pokedexTests.xctest */;
			productType = "com.apple.product-type.bundle.unit-test";
		};
		6B1267C71F16825400D5D67D /* pokedexUITests */ = {
			isa = PBXNativeTarget;
			buildConfigurationList = 6B1267D71F16825400D5D67D /* Build configuration list for PBXNativeTarget "pokedexUITests" */;
			buildPhases = (
				6B1267C41F16825400D5D67D /* Sources */,
				6B1267C51F16825400D5D67D /* Frameworks */,
				6B1267C61F16825400D5D67D /* Resources */,
			);
			buildRules = (
			);
			dependencies = (
				6B1267CA1F16825400D5D67D /* PBXTargetDependency */,
			);
			name = pokedexUITests;
			productName = pokedexUITests;
			productReference = 6B1267C81F16825400D5D67D /* pokedexUITests.xctest */;
			productType = "com.apple.product-type.bundle.ui-testing";
		};
/* End PBXNativeTarget section */

/* Begin PBXProject section */
		6B1267A11F16825400D5D67D /* Project object */ = {
			isa = PBXProject;
			attributes = {
				LastSwiftUpdateCheck = 0830;
				LastUpgradeCheck = 0830;
				ORGANIZATIONNAME = "Neil Patel";
				TargetAttributes = {
					6B1267A81F16825400D5D67D = {
						CreatedOnToolsVersion = 8.3.3;
						LastSwiftMigration = 0830;
						ProvisioningStyle = Automatic;
					};
					6B1267BC1F16825400D5D67D = {
						CreatedOnToolsVersion = 8.3.3;
						LastSwiftMigration = 0830;
						ProvisioningStyle = Automatic;
						TestTargetID = 6B1267A81F16825400D5D67D;
					};
					6B1267C71F16825400D5D67D = {
						CreatedOnToolsVersion = 8.3.3;
						LastSwiftMigration = 0830;
						ProvisioningStyle = Automatic;
						TestTargetID = 6B1267A81F16825400D5D67D;
					};
				};
			};
			buildConfigurationList = 6B1267A41F16825400D5D67D /* Build configuration list for PBXProject "pokedex" */;
			compatibilityVersion = "Xcode 3.2";
			developmentRegion = English;
			hasScannedForEncodings = 0;
			knownRegions = (
				en,
				Base,
			);
			mainGroup = 6B1267A01F16825400D5D67D;
			productRefGroup = 6B1267AA1F16825400D5D67D /* Products */;
			projectDirPath = "";
			projectRoot = "";
			targets = (
				6B1267A81F16825400D5D67D /* pokedex */,
				6B1267BC1F16825400D5D67D /* pokedexTests */,
				6B1267C71F16825400D5D67D /* pokedexUITests */,
			);
		};
/* End PBXProject section */

/* Begin PBXResourcesBuildPhase section */
		6B1267A71F16825400D5D67D /* Resources */ = {
			isa = PBXResourcesBuildPhase;
			buildActionMask = 2147483647;
			files = (
				6B0199011F18062B00894604 /* pokemon.ttf in Resources */,
				6B1267B71F16825400D5D67D /* LaunchScreen.storyboard in Resources */,
				6B1267B41F16825400D5D67D /* Assets.xcassets in Resources */,
				6B0198F71F168BB000894604 /* pokemon.csv in Resources */,
				6B1267B21F16825400D5D67D /* Main.storyboard in Resources */,
				6B0199081F180A1500894604 /* music.mp3 in Resources */,
				6B0199061F180A0300894604 /* music.png in Resources */,
			);
			runOnlyForDeploymentPostprocessing = 0;
		};
		6B1267BB1F16825400D5D67D /* Resources */ = {
			isa = PBXResourcesBuildPhase;
			buildActionMask = 2147483647;
			files = (
			);
			runOnlyForDeploymentPostprocessing = 0;
		};
		6B1267C61F16825400D5D67D /* Resources */ = {
			isa = PBXResourcesBuildPhase;
			buildActionMask = 2147483647;
			files = (
			);
			runOnlyForDeploymentPostprocessing = 0;
		};
/* End PBXResourcesBuildPhase section */

/* Begin PBXSourcesBuildPhase section */
		6B1267A51F16825400D5D67D /* Sources */ = {
			isa = PBXSourcesBuildPhase;
			buildActionMask = 2147483647;
			files = (
				6B0198FD1F16A5FC00894604 /* PokeCell.swift in Sources */,
				6B1267AF1F16825400D5D67D /* ViewController.swift in Sources */,
				6B1267AD1F16825400D5D67D /* AppDelegate.swift in Sources */,
				6B0198FA1F168D1F00894604 /* Pokemon.swift in Sources */,
				6B0198FF1F17E06800894604 /* csv.swift in Sources */,
			);
			runOnlyForDeploymentPostprocessing = 0;
		};
		6B1267B91F16825400D5D67D /* Sources */ = {
			isa = PBXSourcesBuildPhase;
			buildActionMask = 2147483647;
			files = (
				6B1267C21F16825400D5D67D /* pokedexTests.swift in Sources */,
			);
			runOnlyForDeploymentPostprocessing = 0;
		};
		6B1267C41F16825400D5D67D /* Sources */ = {
			isa = PBXSourcesBuildPhase;
			buildActionMask = 2147483647;
			files = (
				6B1267CD1F16825400D5D67D /* pokedexUITests.swift in Sources */,
			);
			runOnlyForDeploymentPostprocessing = 0;
		};
/* End PBXSourcesBuildPhase section */

/* Begin PBXTargetDependency section */
		6B1267BF1F16825400D5D67D /* PBXTargetDependency */ = {
			isa = PBXTargetDependency;
			target = 6B1267A81F16825400D5D67D /* pokedex */;
			targetProxy = 6B1267BE1F16825400D5D67D /* PBXContainerItemProxy */;
		};
		6B1267CA1F16825400D5D67D /* PBXTargetDependency */ = {
			isa = PBXTargetDependency;
			target = 6B1267A81F16825400D5D67D /* pokedex */;
			targetProxy = 6B1267C91F16825400D5D67D /* PBXContainerItemProxy */;
		};
/* End PBXTargetDependency section */

/* Begin PBXVariantGroup section */
		6B1267B01F16825400D5D67D /* Main.storyboard */ = {
			isa = PBXVariantGroup;
			children = (
				6B1267B11F16825400D5D67D /* Base */,
			);
			name = Main.storyboard;
			sourceTree = "<group>";
		};
		6B1267B51F16825400D5D67D /* LaunchScreen.storyboard */ = {
			isa = PBXVariantGroup;
			children = (
				6B1267B61F16825400D5D67D /* Base */,
			);
			name = LaunchScreen.storyboard;
			sourceTree = "<group>";
		};
/* End PBXVariantGroup section */

/* Begin XCBuildConfiguration section */
		6B1267CF1F16825400D5D67D /* Debug */ = {
			isa = XCBuildConfiguration;
			buildSettings = {
				ALWAYS_SEARCH_USER_PATHS = NO;
				CLANG_ANALYZER_NONNULL = YES;
				CLANG_ANALYZER_NUMBER_OBJECT_CONVERSION = YES_AGGRESSIVE;
				CLANG_CXX_LANGUAGE_STANDARD = "gnu++0x";
				CLANG_CXX_LIBRARY = "libc++";
				CLANG_ENABLE_MODULES = YES;
				CLANG_ENABLE_OBJC_ARC = YES;
				CLANG_WARN_BOOL_CONVERSION = YES;
				CLANG_WARN_CONSTANT_CONVERSION = YES;
				CLANG_WARN_DIRECT_OBJC_ISA_USAGE = YES_ERROR;
				CLANG_WARN_DOCUMENTATION_COMMENTS = YES;
				CLANG_WARN_EMPTY_BODY = YES;
				CLANG_WARN_ENUM_CONVERSION = YES;
				CLANG_WARN_INFINITE_RECURSION = YES;
				CLANG_WARN_INT_CONVERSION = YES;
				CLANG_WARN_OBJC_ROOT_CLASS = YES_ERROR;
				CLANG_WARN_SUSPICIOUS_MOVE = YES;
				CLANG_WARN_UNREACHABLE_CODE = YES;
				CLANG_WARN__DUPLICATE_METHOD_MATCH = YES;
				"CODE_SIGN_IDENTITY[sdk=iphoneos*]" = "iPhone Developer";
				COPY_PHASE_STRIP = NO;
				DEBUG_INFORMATION_FORMAT = dwarf;
				ENABLE_STRICT_OBJC_MSGSEND = YES;
				ENABLE_TESTABILITY = YES;
				GCC_C_LANGUAGE_STANDARD = gnu99;
				GCC_DYNAMIC_NO_PIC = NO;
				GCC_NO_COMMON_BLOCKS = YES;
				GCC_OPTIMIZATION_LEVEL = 0;
				GCC_PREPROCESSOR_DEFINITIONS = (
					"DEBUG=1",
					"$(inherited)",
				);
				GCC_WARN_64_TO_32_BIT_CONVERSION = YES;
				GCC_WARN_ABOUT_RETURN_TYPE = YES_ERROR;
				GCC_WARN_UNDECLARED_SELECTOR = YES;
				GCC_WARN_UNINITIALIZED_AUTOS = YES_AGGRESSIVE;
				GCC_WARN_UNUSED_FUNCTION = YES;
				GCC_WARN_UNUSED_VARIABLE = YES;
				IPHONEOS_DEPLOYMENT_TARGET = 10.3;
				MTL_ENABLE_DEBUG_INFO = YES;
				ONLY_ACTIVE_ARCH = YES;
				SDKROOT = iphoneos;
				SWIFT_ACTIVE_COMPILATION_CONDITIONS = DEBUG;
				SWIFT_OPTIMIZATION_LEVEL = "-Onone";
				TARGETED_DEVICE_FAMILY = "1,2";
			};
			name = Debug;
		};
		6B1267D01F16825400D5D67D /* Release */ = {
			isa = XCBuildConfiguration;
			buildSettings = {
				ALWAYS_SEARCH_USER_PATHS = NO;
				CLANG_ANALYZER_NONNULL = YES;
				CLANG_ANALYZER_NUMBER_OBJECT_CONVERSION = YES_AGGRESSIVE;
				CLANG_CXX_LANGUAGE_STANDARD = "gnu++0x";
				CLANG_CXX_LIBRARY = "libc++";
				CLANG_ENABLE_MODULES = YES;
				CLANG_ENABLE_OBJC_ARC = YES;
				CLANG_WARN_BOOL_CONVERSION = YES;
				CLANG_WARN_CONSTANT_CONVERSION = YES;
				CLANG_WARN_DIRECT_OBJC_ISA_USAGE = YES_ERROR;
				CLANG_WARN_DOCUMENTATION_COMMENTS = YES;
				CLANG_WARN_EMPTY_BODY = YES;
				CLANG_WARN_ENUM_CONVERSION = YES;
				CLANG_WARN_INFINITE_RECURSION = YES;
				CLANG_WARN_INT_CONVERSION = YES;
				CLANG_WARN_OBJC_ROOT_CLASS = YES_ERROR;
				CLANG_WARN_SUSPICIOUS_MOVE = YES;
				CLANG_WARN_UNREACHABLE_CODE = YES;
				CLANG_WARN__DUPLICATE_METHOD_MATCH = YES;
				"CODE_SIGN_IDENTITY[sdk=iphoneos*]" = "iPhone Developer";
				COPY_PHASE_STRIP = NO;
				DEBUG_INFORMATION_FORMAT = "dwarf-with-dsym";
				ENABLE_NS_ASSERTIONS = NO;
				ENABLE_STRICT_OBJC_MSGSEND = YES;
				GCC_C_LANGUAGE_STANDARD = gnu99;
				GCC_NO_COMMON_BLOCKS = YES;
				GCC_WARN_64_TO_32_BIT_CONVERSION = YES;
				GCC_WARN_ABOUT_RETURN_TYPE = YES_ERROR;
				GCC_WARN_UNDECLARED_SELECTOR = YES;
				GCC_WARN_UNINITIALIZED_AUTOS = YES_AGGRESSIVE;
				GCC_WARN_UNUSED_FUNCTION = YES;
				GCC_WARN_UNUSED_VARIABLE = YES;
				IPHONEOS_DEPLOYMENT_TARGET = 10.3;
				MTL_ENABLE_DEBUG_INFO = NO;
				SDKROOT = iphoneos;
				SWIFT_OPTIMIZATION_LEVEL = "-Owholemodule";
				TARGETED_DEVICE_FAMILY = "1,2";
				VALIDATE_PRODUCT = YES;
			};
			name = Release;
		};
		6B1267D21F16825400D5D67D /* Debug */ = {
			isa = XCBuildConfiguration;
			buildSettings = {
				ASSETCATALOG_COMPILER_APPICON_NAME = AppIcon;
				INFOPLIST_FILE = pokedex/Info.plist;
				LD_RUNPATH_SEARCH_PATHS = "$(inherited) @executable_path/Frameworks";
				PRODUCT_BUNDLE_IDENTIFIER = com.NeilPatel.pokedex;
				PRODUCT_NAME = "$(TARGET_NAME)";
				SWIFT_VERSION = 3.0;
			};
			name = Debug;
		};
		6B1267D31F16825400D5D67D /* Release */ = {
			isa = XCBuildConfiguration;
			buildSettings = {
				ASSETCATALOG_COMPILER_APPICON_NAME = AppIcon;
				INFOPLIST_FILE = pokedex/Info.plist;
				LD_RUNPATH_SEARCH_PATHS = "$(inherited) @executable_path/Frameworks";
				PRODUCT_BUNDLE_IDENTIFIER = com.NeilPatel.pokedex;
				PRODUCT_NAME = "$(TARGET_NAME)";
				SWIFT_VERSION = 3.0;
			};
			name = Release;
		};
		6B1267D51F16825400D5D67D /* Debug */ = {
			isa = XCBuildConfiguration;
			buildSettings = {
				ALWAYS_EMBED_SWIFT_STANDARD_LIBRARIES = YES;
				BUNDLE_LOADER = "$(TEST_HOST)";
				INFOPLIST_FILE = pokedexTests/Info.plist;
				LD_RUNPATH_SEARCH_PATHS = "$(inherited) @executable_path/Frameworks @loader_path/Frameworks";
				PRODUCT_BUNDLE_IDENTIFIER = com.NeilPatel.pokedexTests;
				PRODUCT_NAME = "$(TARGET_NAME)";
				SWIFT_VERSION = 3.0;
				TEST_HOST = "$(BUILT_PRODUCTS_DIR)/pokedex.app/pokedex";
			};
			name = Debug;
		};
		6B1267D61F16825400D5D67D /* Release */ = {
			isa = XCBuildConfiguration;
			buildSettings = {
				ALWAYS_EMBED_SWIFT_STANDARD_LIBRARIES = YES;
				BUNDLE_LOADER = "$(TEST_HOST)";
				INFOPLIST_FILE = pokedexTests/Info.plist;
				LD_RUNPATH_SEARCH_PATHS = "$(inherited) @executable_path/Frameworks @loader_path/Frameworks";
				PRODUCT_BUNDLE_IDENTIFIER = com.NeilPatel.pokedexTests;
				PRODUCT_NAME = "$(TARGET_NAME)";
				SWIFT_VERSION = 3.0;
				TEST_HOST = "$(BUILT_PRODUCTS_DIR)/pokedex.app/pokedex";
			};
			name = Release;
		};
		6B1267D81F16825400D5D67D /* Debug */ = {
			isa = XCBuildConfiguration;
			buildSettings = {
				ALWAYS_EMBED_SWIFT_STANDARD_LIBRARIES = YES;
				INFOPLIST_FILE = pokedexUITests/Info.plist;
				LD_RUNPATH_SEARCH_PATHS = "$(inherited) @executable_path/Frameworks @loader_path/Frameworks";
				PRODUCT_BUNDLE_IDENTIFIER = com.NeilPatel.pokedexUITests;
				PRODUCT_NAME = "$(TARGET_NAME)";
				SWIFT_VERSION = 3.0;
				TEST_TARGET_NAME = pokedex;
			};
			name = Debug;
		};
		6B1267D91F16825400D5D67D /* Release */ = {
			isa = XCBuildConfiguration;
			buildSettings = {
				ALWAYS_EMBED_SWIFT_STANDARD_LIBRARIES = YES;
				INFOPLIST_FILE = pokedexUITests/Info.plist;
				LD_RUNPATH_SEARCH_PATHS = "$(inherited) @executable_path/Frameworks @loader_path/Frameworks";
				PRODUCT_BUNDLE_IDENTIFIER = com.NeilPatel.pokedexUITests;
				PRODUCT_NAME = "$(TARGET_NAME)";
				SWIFT_VERSION = 3.0;
				TEST_TARGET_NAME = pokedex;
			};
			name = Release;
		};
/* End XCBuildConfiguration section */

/* Begin XCConfigurationList section */
		6B1267A41F16825400D5D67D /* Build configuration list for PBXProject "pokedex" */ = {
			isa = XCConfigurationList;
			buildConfigurations = (
				6B1267CF1F16825400D5D67D /* Debug */,
				6B1267D01F16825400D5D67D /* Release */,
			);
			defaultConfigurationIsVisible = 0;
			defaultConfigurationName = Release;
		};
		6B1267D11F16825400D5D67D /* Build configuration list for PBXNativeTarget "pokedex" */ = {
			isa = XCConfigurationList;
			buildConfigurations = (
				6B1267D21F16825400D5D67D /* Debug */,
				6B1267D31F16825400D5D67D /* Release */,
			);
			defaultConfigurationIsVisible = 0;
			defaultConfigurationName = Release;
		};
		6B1267D41F16825400D5D67D /* Build configuration list for PBXNativeTarget "pokedexTests" */ = {
			isa = XCConfigurationList;
			buildConfigurations = (
				6B1267D51F16825400D5D67D /* Debug */,
				6B1267D61F16825400D5D67D /* Release */,
			);
			defaultConfigurationIsVisible = 0;
			defaultConfigurationName = Release;
		};
		6B1267D71F16825400D5D67D /* Build configuration list for PBXNativeTarget "pokedexUITests" */ = {
			isa = XCConfigurationList;
			buildConfigurations = (
				6B1267D81F16825400D5D67D /* Debug */,
				6B1267D91F16825400D5D67D /* Release */,
			);
			defaultConfigurationIsVisible = 0;
			defaultConfigurationName = Release;
		};
/* End XCConfigurationList section */
	};
	rootObject = 6B1267A11F16825400D5D67D /* Project object */;
}
